{
  "version": 4,
  "terraform_version": "0.12.28",
  "serial": 62,
  "lineage": "9ffb1429-e699-0f31-9ac4-7fb56a0deca3",
  "outputs": {
    "public_ip": {
      "value": "15.206.92.254",
      "type": "string"
    }
  },
  "resources": [
    {
      "mode": "managed",
      "type": "aws_instance",
      "name": "ansible_test",
      "provider": "provider.aws",
      "instances": [
        {
          "schema_version": 1,
          "attributes": {
            "ami": "ami-0732b62d310b80e97",
            "arn": "arn:aws:ec2:ap-south-1:762264054482:instance/i-07efbe3f07e01c039",
            "associate_public_ip_address": true,
            "availability_zone": "ap-south-1a",
            "cpu_core_count": 1,
            "cpu_threads_per_core": 1,
            "credit_specification": [
              {
                "cpu_credits": "standard"
              }
            ],
            "disable_api_termination": false,
            "ebs_block_device": [],
            "ebs_optimized": false,
            "ephemeral_block_device": [],
            "get_password_data": false,
            "hibernation": false,
            "host_id": null,
            "iam_instance_profile": "",
            "id": "i-07efbe3f07e01c039",
            "instance_initiated_shutdown_behavior": null,
            "instance_state": "running",
            "instance_type": "t2.micro",
            "ipv6_address_count": 0,
            "ipv6_addresses": [],
            "key_name": "test_key_pair",
            "metadata_options": [
              {
                "http_endpoint": "enabled",
                "http_put_response_hop_limit": 1,
                "http_tokens": "optional"
              }
            ],
            "monitoring": false,
            "network_interface": [],
            "network_interface_id": null,
            "outpost_arn": "",
            "password_data": "",
            "placement_group": "",
            "primary_network_interface_id": "eni-0a2824efd580c7ca5",
            "private_dns": "ip-172-31-16-214.ap-south-1.compute.internal",
            "private_ip": "172.31.16.214",
            "public_dns": "ec2-15-206-92-254.ap-south-1.compute.amazonaws.com",
            "public_ip": "15.206.92.254",
            "root_block_device": [
              {
                "delete_on_termination": true,
                "device_name": "/dev/xvda",
                "encrypted": false,
                "iops": 100,
                "kms_key_id": "",
                "volume_id": "vol-0765111d95c9eb765",
                "volume_size": 8,
                "volume_type": "gp2"
              }
            ],
            "security_groups": [
              "sg_test"
            ],
            "source_dest_check": true,
            "subnet_id": "subnet-d890deb0",
            "tags": null,
            "tenancy": "default",
            "timeouts": null,
            "user_data": null,
            "user_data_base64": null,
            "volume_tags": {},
            "vpc_security_group_ids": [
              "sg-0777cd03abc550f52"
            ]
          },
          "private": "eyJlMmJmYjczMC1lY2FhLTExZTYtOGY4OC0zNDM2M2JjN2M0YzAiOnsiY3JlYXRlIjo2MDAwMDAwMDAwMDAsImRlbGV0ZSI6MTIwMDAwMDAwMDAwMCwidXBkYXRlIjo2MDAwMDAwMDAwMDB9LCJzY2hlbWFfdmVyc2lvbiI6IjEifQ==",
          "dependencies": [
            "aws_key_pair.ansible_test_keypair",
            "aws_security_group.sg_test"
          ]
        }
      ]
    },
    {
      "mode": "managed",
      "type": "aws_key_pair",
      "name": "ansible_test_keypair",
      "provider": "provider.aws",
      "instances": [
        {
          "schema_version": 1,
          "attributes": {
            "arn": "arn:aws:ec2:ap-south-1:762264054482:key-pair/test_key_pair",
            "fingerprint": "5b:e2:f0:9a:09:25:e5:b4:c0:1a:d1:c3:fe:95:5a:d9",
            "id": "test_key_pair",
            "key_name": "test_key_pair",
            "key_name_prefix": null,
            "key_pair_id": "key-059e6c31a24133f01",
            "public_key": "ssh-rsa AAAAB3NzaC1yc2EAAAADAQABAAABAQC94lI9lTJQdC00BWS6ql/q9NFbC9aob0A35ZPc6tAbHji6/BXU5aFnNZH07rYbDRbLUotUQwstOfbrO9GBmlYMnyDnMQe72Dp4kwmY4eOR9imHYcjAT+gChrwgqnECPZ3GmVFZmwCW+zUs0yMg45fHw4JrK6G6KxKEdB7udugXOrFL+WLXM5bVqwqQK9dymqtoJfMpE3AYchH4sXmHii61Ul7fxPLKTLZ1u9IFO4+0Iw3zHZjV8z/2kn4hFAwYGgRHNyNhiWtMM9EDYlTzaY7tuGXv9tvgh2PYnv7GVKH6KOdQdUMWC33MGJSpPcVJRaJ9gsQc66+JZzHXBPJjI6Pf punk@AKs-ROG",
            "tags": null
          },
          "private": "eyJzY2hlbWFfdmVyc2lvbiI6IjEifQ=="
        }
      ]
    },
    {
      "mode": "managed",
      "type": "aws_security_group",
      "name": "sg_test",
      "provider": "provider.aws",
      "instances": [
        {
          "schema_version": 1,
          "attributes": {
            "arn": "arn:aws:ec2:ap-south-1:762264054482:security-group/sg-0777cd03abc550f52",
            "description": "Managed by Terraform",
            "egress": [
              {
                "cidr_blocks": [
                  "0.0.0.0/0"
                ],
                "description": "",
                "from_port": 0,
                "ipv6_cidr_blocks": [],
                "prefix_list_ids": [],
                "protocol": "-1",
                "security_groups": [],
                "self": false,
                "to_port": 0
              }
            ],
            "id": "sg-0777cd03abc550f52",
            "ingress": [
              {
                "cidr_blocks": [
                  "0.0.0.0/0"
                ],
                "description": "",
                "from_port": 22,
                "ipv6_cidr_blocks": [],
                "prefix_list_ids": [],
                "protocol": "tcp",
                "security_groups": [],
                "self": false,
                "to_port": 22
              },
              {
                "cidr_blocks": [
                  "0.0.0.0/0"
                ],
                "description": "",
                "from_port": 80,
                "ipv6_cidr_blocks": [],
                "prefix_list_ids": [],
                "protocol": "tcp",
                "security_groups": [],
                "self": false,
                "to_port": 80
              }
            ],
            "name": "sg_test",
            "name_prefix": null,
            "owner_id": "762264054482",
            "revoke_rules_on_delete": false,
            "tags": null,
            "timeouts": null,
            "vpc_id": "vpc-3dad8c55"
          },
          "private": "eyJlMmJmYjczMC1lY2FhLTExZTYtOGY4OC0zNDM2M2JjN2M0YzAiOnsiY3JlYXRlIjo2MDAwMDAwMDAwMDAsImRlbGV0ZSI6NjAwMDAwMDAwMDAwfSwic2NoZW1hX3ZlcnNpb24iOiIxIn0="
        }
      ]
    }
  ]
}
